
Microsoft Visual Studio Solution File, Format Version 12.00
# Visual Studio Version 17
VisualStudioVersion = 17.4.33110.190
MinimumVisualStudioVersion = 10.0.40219.1
Project("{9A19103F-16F7-4668-BE54-9A1E7A4F7556}") = "GamePlatform", "GamePlatform\GamePlatform.csproj", "{BADAD01C-F9A5-4B54-834D-9FA28D2C55BC}"
EndProject
Project("{FAE04EC0-301F-11D3-BF4B-00C04F79EFBC}") = "GamePlatform.Test", "GamePlatform.Test\GamePlatform.Test.csproj", "{21380E4B-A4B4-4224-85D6-72226C305AF6}"
EndProject
Global
	GlobalSection(SolutionConfigurationPlatforms) = preSolution
		Debug|Any CPU = Debug|Any CPU
		Release|Any CPU = Release|Any CPU
	EndGlobalSection
	GlobalSection(ProjectConfigurationPlatforms) = postSolution
		{BADAD01C-F9A5-4B54-834D-9FA28D2C55BC}.Debug|Any CPU.ActiveCfg = Debug|Any CPU
		{BADAD01C-F9A5-4B54-834D-9FA28D2C55BC}.Debug|Any CPU.Build.0 = Debug|Any CPU
		{BADAD01C-F9A5-4B54-834D-9FA28D2C55BC}.Release|Any CPU.ActiveCfg = Release|Any CPU
		{BADAD01C-F9A5-4B54-834D-9FA28D2C55BC}.Release|Any CPU.Build.0 = Release|Any CPU
		{21380E4B-A4B4-4224-85D6-72226C305AF6}.Debug|Any CPU.ActiveCfg = Debug|Any CPU
		{21380E4B-A4B4-4224-85D6-72226C305AF6}.Debug|Any CPU.Build.0 = Debug|Any CPU
		{21380E4B-A4B4-4224-85D6-72226C305AF6}.Release|Any CPU.ActiveCfg = Release|Any CPU
		{21380E4B-A4B4-4224-85D6-72226C305AF6}.Release|Any CPU.Build.0 = Release|Any CPU
	EndGlobalSection
	GlobalSection(SolutionProperties) = preSolution
		HideSolutionNode = FALSE
	EndGlobalSection
	GlobalSection(ExtensibilityGlobals) = postSolution
		SolutionGuid = {6EA755EE-335A-4CFE-8D7D-E9DDF61E614F}
	EndGlobalSection
EndGlobal
